
Microsoft Visual Studio Solution File, Format Version 12.00
# Visual Studio Version 16
VisualStudioVersion = 16.0.30717.126
MinimumVisualStudioVersion = 10.0.40219.1
Project("{FAE04EC0-301F-11D3-BF4B-00C04F79EFBC}") = "TRMDataManager", "TRMDataManager\TRMDataManager.csproj", "{AC57C992-B479-4AD9-8938-53F1A8BBC49B}"
EndProject
Global
	GlobalSection(SolutionConfigurationPlatforms) = preSolution
		Debug|Any CPU = Debug|Any CPU
		Release|Any CPU = Release|Any CPU
	EndGlobalSection
	GlobalSection(ProjectConfigurationPlatforms) = postSolution
		{AC57C992-B479-4AD9-8938-53F1A8BBC49B}.Debug|Any CPU.ActiveCfg = Debug|Any CPU
		{AC57C992-B479-4AD9-8938-53F1A8BBC49B}.Debug|Any CPU.Build.0 = Debug|Any CPU
		{AC57C992-B479-4AD9-8938-53F1A8BBC49B}.Release|Any CPU.ActiveCfg = Release|Any CPU
		{AC57C992-B479-4AD9-8938-53F1A8BBC49B}.Release|Any CPU.Build.0 = Release|Any CPU
	EndGlobalSection
	GlobalSection(SolutionProperties) = preSolution
		HideSolutionNode = FALSE
	EndGlobalSection
	GlobalSection(ExtensibilityGlobals) = postSolution
		SolutionGuid = {DADB6921-1F57-4997-B48B-6AB3B182D945}
	EndGlobalSection
EndGlobal
